
Microsoft Visual Studio Solution File, Format Version 12.00
# Visual Studio Version 17
VisualStudioVersion = 17.2.32630.192
MinimumVisualStudioVersion = 10.0.40219.1
Project("{8BC9CEB8-8B4A-11D0-8D11-00A0C91BC942}") = "directx11_example", "directx11_example\directx11_example.vcxproj", "{BD4946C8-244C-4088-9145-D4E2845744DB}"
EndProject
Global
	GlobalSection(SolutionConfigurationPlatforms) = preSolution
		Debug|x64 = Debug|x64
		Debug|x86 = Debug|x86
		Release|x64 = Release|x64
		Release|x86 = Release|x86
	EndGlobalSection
	GlobalSection(ProjectConfigurationPlatforms) = postSolution
		{BD4946C8-244C-4088-9145-D4E2845744DB}.Debug|x64.ActiveCfg = Debug|x64
		{BD4946C8-244C-4088-9145-D4E2845744DB}.Debug|x64.Build.0 = Debug|x64
		{BD4946C8-244C-4088-9145-D4E2845744DB}.Debug|x86.ActiveCfg = Debug|Win32
		{BD4946C8-244C-4088-9145-D4E2845744DB}.Debug|x86.Build.0 = Debug|Win32
		{BD4946C8-244C-4088-9145-D4E2845744DB}.Release|x64.ActiveCfg = Release|x64
		{BD4946C8-244C-4088-9145-D4E2845744DB}.Release|x64.Build.0 = Release|x64
		{BD4946C8-244C-4088-9145-D4E2845744DB}.Release|x86.ActiveCfg = Debug|Win32
		{BD4946C8-244C-4088-9145-D4E2845744DB}.Release|x86.Build.0 = Debug|Win32
	EndGlobalSection
	GlobalSection(SolutionProperties) = preSolution
		HideSolutionNode = FALSE
	EndGlobalSection
	GlobalSection(ExtensibilityGlobals) = postSolution
		SolutionGuid = {66C84C73-0C13-420C-8E10-A10DE8CFE18E}
	EndGlobalSection
EndGlobal
